<?xml version="1.0" encoding="utf-8"?>
<Project ToolsVersion="4.0" xmlns="http://schemas.microsoft.com/developer/msbuild/2003">
  <ItemGroup>
    <Filter Include="win32">
      <UniqueIdentifier>{84a8ebd7-7cf0-47f6-b75e-d441df67da40}</UniqueIdentifier>
    </Filter>
    <Filter Include="resource">
      <UniqueIdentifier>{715254bc-d70b-4ec5-bf29-467dd3ace079}</UniqueIdentifier>
    </Filter>
    <Filter Include="src">
      <UniqueIdentifier>{bb6c862e-70e9-49d9-81b7-3829a6f50471}</UniqueIdentifier>
    </Filter>
  </ItemGroup>
  <ItemGroup>
    <ClCompile Include="main.cpp">
      <Filter>win32</Filter>
    </ClCompile>
    <ClCompile Include="..\Classes\AppDelegate.cpp">
      <Filter>src</Filter>
    </ClCompile>
    <ClCompile Include="..\Classes\AddBoxProp.cpp">
      <Filter>src</Filter>
    </ClCompile>
    <ClCompile Include="..\Classes\AStar.cpp">
      <Filter>src</Filter>
    </ClCompile>
    <ClCompile Include="..\Classes\Audio.cpp">
      <Filter>src</Filter>
    </ClCompile>
    <ClCompile Include="..\Classes\Barrier.cpp">
      <Filter>src</Filter>
    </ClCompile>
    <ClCompile Include="..\Classes\BigTree.cpp">
      <Filter>src</Filter>
    </ClCompile>
    <ClCompile Include="..\Classes\Blood.cpp">
      <Filter>src</Filter>
    </ClCompile>
    <ClCompile Include="..\Classes\Bomb.cpp">
      <Filter>src</Filter>
    </ClCompile>
    <ClCompile Include="..\Classes\BottomFrame.cpp">
      <Filter>src</Filter>
    </ClCompile>
    <ClCompile Include="..\Classes\Box.cpp">
      <Filter>src</Filter>
    </ClCompile>
    <ClCompile Include="..\Classes\BugMonster.cpp">
      <Filter>src</Filter>
    </ClCompile>
    <ClCompile Include="..\Classes\BugTestMonster.cpp">
      <Filter>src</Filter>
    </ClCompile>
    <ClCompile Include="..\Classes\Cherry.cpp">
      <Filter>src</Filter>
    </ClCompile>
    <ClCompile Include="..\Classes\CountryLayer.cpp">
      <Filter>src</Filter>
    </ClCompile>
    <ClCompile Include="..\Classes\Cross.cpp">
      <Filter>src</Filter>
    </ClCompile>
    <ClCompile Include="..\Classes\DataStream.cpp">
      <Filter>src</Filter>
    </ClCompile>
    <ClCompile Include="..\Classes\FloatScore.cpp">
      <Filter>src</Filter>
    </ClCompile>
    <ClCompile Include="..\Classes\Flower.cpp">
      <Filter>src</Filter>
    </ClCompile>
    <ClCompile Include="..\Classes\GameApp.cpp">
      <Filter>src</Filter>
    </ClCompile>
    <ClCompile Include="..\Classes\GameScene.cpp">
      <Filter>src</Filter>
    </ClCompile>
    <ClCompile Include="..\Classes\GuidLayer.cpp">
      <Filter>src</Filter>
    </ClCompile>
    <ClCompile Include="..\Classes\Hander.cpp">
      <Filter>src</Filter>
    </ClCompile>
    <ClCompile Include="..\Classes\Hero.cpp">
      <Filter>src</Filter>
    </ClCompile>
    <ClCompile Include="..\Classes\LevelButton.cpp">
      <Filter>src</Filter>
    </ClCompile>
    <ClCompile Include="..\Classes\LevelScene.cpp">
      <Filter>src</Filter>
    </ClCompile>
    <ClCompile Include="..\Classes\lv.cpp">
      <Filter>src</Filter>
    </ClCompile>
    <ClCompile Include="..\Classes\MainScene.cpp">
      <Filter>src</Filter>
    </ClCompile>
    <ClCompile Include="..\Classes\Monster.cpp">
      <Filter>src</Filter>
    </ClCompile>
    <ClCompile Include="..\Classes\PurpleMonster.cpp">
      <Filter>src</Filter>
    </ClCompile>
    <ClCompile Include="..\Classes\Redheart.cpp">
      <Filter>src</Filter>
    </ClCompile>
    <ClCompile Include="..\Classes\RedMonster.cpp">
      <Filter>src</Filter>
    </ClCompile>
    <ClCompile Include="..\Classes\ResultLayer.cpp">
      <Filter>src</Filter>
    </ClCompile>
    <ClCompile Include="..\Classes\roadStar.cpp">
      <Filter>src</Filter>
    </ClCompile>
    <ClCompile Include="..\Classes\score.cpp">
      <Filter>src</Filter>
    </ClCompile>
    <ClCompile Include="..\Classes\ScoreLayer.cpp">
      <Filter>src</Filter>
    </ClCompile>
    <ClCompile Include="..\Classes\SettingScene.cpp">
      <Filter>src</Filter>
    </ClCompile>
    <ClCompile Include="..\Classes\Shoes.cpp">
      <Filter>src</Filter>
    </ClCompile>
    <ClCompile Include="..\Classes\SmallTree.cpp">
      <Filter>src</Filter>
    </ClCompile>
    <ClCompile Include="..\Classes\Stone.cpp">
      <Filter>src</Filter>
    </ClCompile>
    <ClCompile Include="..\Classes\ZoneLayer.cpp">
      <Filter>src</Filter>
    </ClCompile>
  </ItemGroup>
  <ItemGroup>
    <ClInclude Include="main.h">
      <Filter>win32</Filter>
    </ClInclude>
    <ClInclude Include="..\Classes\AppDelegate.h">
      <Filter>src</Filter>
    </ClInclude>
    <ClInclude Include="..\Classes\AddBoxProp.h">
      <Filter>src</Filter>
    </ClInclude>
    <ClInclude Include="..\Classes\AStar.h">
      <Filter>src</Filter>
    </ClInclude>
    <ClInclude Include="..\Classes\Audio.h">
      <Filter>src</Filter>
    </ClInclude>
    <ClInclude Include="..\Classes\Barrier.h">
      <Filter>src</Filter>
    </ClInclude>
    <ClInclude Include="..\Classes\BigTree.h">
      <Filter>src</Filter>
    </ClInclude>
    <ClInclude Include="..\Classes\Blood.h">
      <Filter>src</Filter>
    </ClInclude>
    <ClInclude Include="..\Classes\Bomb.h">
      <Filter>src</Filter>
    </ClInclude>
    <ClInclude Include="..\Classes\BottomFrame.h">
      <Filter>src</Filter>
    </ClInclude>
    <ClInclude Include="..\Classes\Box.h">
      <Filter>src</Filter>
    </ClInclude>
    <ClInclude Include="..\Classes\BugMonster.h">
      <Filter>src</Filter>
    </ClInclude>
    <ClInclude Include="..\Classes\BugTestMonster.h">
      <Filter>src</Filter>
    </ClInclude>
    <ClInclude Include="..\Classes\Cherry.h">
      <Filter>src</Filter>
    </ClInclude>
    <ClInclude Include="..\Classes\CountryLayer.h">
      <Filter>src</Filter>
    </ClInclude>
    <ClInclude Include="..\Classes\Cross.h">
      <Filter>src</Filter>
    </ClInclude>
    <ClInclude Include="..\Classes\DataStream.h">
      <Filter>src</Filter>
    </ClInclude>
    <ClInclude Include="..\Classes\FloatScore.h">
      <Filter>src</Filter>
    </ClInclude>
    <ClInclude Include="..\Classes\Flower.h">
      <Filter>src</Filter>
    </ClInclude>
    <ClInclude Include="..\Classes\GameApp.h">
      <Filter>src</Filter>
    </ClInclude>
    <ClInclude Include="..\Classes\GameScene.h">
      <Filter>src</Filter>
    </ClInclude>
    <ClInclude Include="..\Classes\GuidLayer.h">
      <Filter>src</Filter>
    </ClInclude>
    <ClInclude Include="..\Classes\Hander.h">
      <Filter>src</Filter>
    </ClInclude>
    <ClInclude Include="..\Classes\Hero.h">
      <Filter>src</Filter>
    </ClInclude>
    <ClInclude Include="..\Classes\LevelButton.h">
      <Filter>src</Filter>
    </ClInclude>
    <ClInclude Include="..\Classes\LevelScene.h">
      <Filter>src</Filter>
    </ClInclude>
    <ClInclude Include="..\Classes\lv.h">
      <Filter>src</Filter>
    </ClInclude>
    <ClInclude Include="..\Classes\MainScene.h">
      <Filter>src</Filter>
    </ClInclude>
    <ClInclude Include="..\Classes\Monster.h">
      <Filter>src</Filter>
    </ClInclude>
    <ClInclude Include="..\Classes\PurpleMonster.h">
      <Filter>src</Filter>
    </ClInclude>
    <ClInclude Include="..\Classes\Redheart.h">
      <Filter>src</Filter>
    </ClInclude>
    <ClInclude Include="..\Classes\RedMonster.h">
      <Filter>src</Filter>
    </ClInclude>
    <ClInclude Include="..\Classes\ResultLayer.h">
      <Filter>src</Filter>
    </ClInclude>
    <ClInclude Include="..\Classes\roadStar.h">
      <Filter>src</Filter>
    </ClInclude>
    <ClInclude Include="..\Classes\score.h">
      <Filter>src</Filter>
    </ClInclude>
    <ClInclude Include="..\Classes\ScoreLayer.h">
      <Filter>src</Filter>
    </ClInclude>
    <ClInclude Include="..\Classes\SettingScene.h">
      <Filter>src</Filter>
    </ClInclude>
    <ClInclude Include="..\Classes\Shoes.h">
      <Filter>src</Filter>
    </ClInclude>
    <ClInclude Include="..\Classes\SmallTree.h">
      <Filter>src</Filter>
    </ClInclude>
    <ClInclude Include="..\Classes\Stone.h">
      <Filter>src</Filter>
    </ClInclude>
    <ClInclude Include="..\Classes\TBase.h">
      <Filter>src</Filter>
    </ClInclude>
    <ClInclude Include="..\Classes\tdaf.h">
      <Filter>src</Filter>
    </ClInclude>
    <ClInclude Include="..\Classes\ZoneLayer.h">
      <Filter>src</Filter>
    </ClInclude>
  </ItemGroup>
  <ItemGroup>
    <Media Include="..\Resources\backmusic.mp3">
      <Filter>resource</Filter>
    </Media>
    <Media Include="..\Resources\blood.mp3">
      <Filter>resource</Filter>
    </Media>
    <Media Include="..\Resources\boom.wav">
      <Filter>resource</Filter>
    </Media>
    <Media Include="..\Resources\box.wav">
      <Filter>resource</Filter>
    </Media>
    <Media Include="..\Resources\hit.mp3">
      <Filter>resource</Filter>
    </Media>
    <Media Include="..\Resources\hurt.wav">
      <Filter>resource</Filter>
    </Media>
    <Media Include="..\Resources\kill.wav">
      <Filter>resource</Filter>
    </Media>
    <Media Include="..\Resources\lose.mp3">
      <Filter>resource</Filter>
    </Media>
    <Media Include="..\Resources\push.mp3">
      <Filter>resource</Filter>
    </Media>
    <Media Include="..\Resources\readygo.mp3">
      <Filter>resource</Filter>
    </Media>
    <Media Include="..\Resources\win.mp3">
      <Filter>resource</Filter>
    </Media>
    <Media Include="..\Resources\yahoo.wav">
      <Filter>resource</Filter>
    </Media>
  </ItemGroup>
  <ItemGroup>
    <Image Include="..\Resources\CloseNormal.png">
      <Filter>resource</Filter>
    </Image>
    <Image Include="..\Resources\CloseSelected.png">
      <Filter>resource</Filter>
    </Image>
    <Image Include="..\Resources\game_background.png">
      <Filter>resource</Filter>
    </Image>
    <Image Include="..\Resources\HelloWorld.png">
      <Filter>resource</Filter>
    </Image>
    <Image Include="..\Resources\main_background.png">
      <Filter>resource</Filter>
    </Image>
    <Image Include="..\Resources\OneFingerBox0.png">
      <Filter>resource</Filter>
    </Image>
    <Image Include="..\Resources\OneFingerBox1.png">
      <Filter>resource</Filter>
    </Image>
  </ItemGroup>
  <ItemGroup>
    <Font Include="..\Resources\Marker Felt.ttf">
      <Filter>resource</Filter>
    </Font>
    <Font Include="..\Resources\fonts\arial.ttf">
      <Filter>resource</Filter>
    </Font>
    <Font Include="..\Resources\fonts\Marker Felt.ttf">
      <Filter>resource</Filter>
    </Font>
  </ItemGroup>
  <ItemGroup>
    <Xml Include="..\Resources\ofboxxml.xml">
      <Filter>resource</Filter>
    </Xml>
    <Xml Include="..\Resources\OneFingerBox0.xml">
      <Filter>resource</Filter>
    </Xml>
    <Xml Include="..\Resources\OneFingerBox1.xml">
      <Filter>resource</Filter>
    </Xml>
  </ItemGroup>
</Project>